
Microsoft Visual Studio Solution File, Format Version 12.00
# Visual Studio Express 15 for Windows Desktop
VisualStudioVersion = 15.0.28307.1231
MinimumVisualStudioVersion = 10.0.40219.1
Project("{8BC9CEB8-8B4A-11D0-8D11-00A0C91BC942}") = "ex2_1", "ex2_1.vcxproj", "{E1582E56-2428-458C-9F08-C56B7B1AA0BD}"
EndProject
Global
	GlobalSection(SolutionConfigurationPlatforms) = preSolution
		Debug|x64 = Debug|x64
		Debug|x86 = Debug|x86
		Release|x64 = Release|x64
		Release|x86 = Release|x86
	EndGlobalSection
	GlobalSection(ProjectConfigurationPlatforms) = postSolution
		{E1582E56-2428-458C-9F08-C56B7B1AA0BD}.Debug|x64.ActiveCfg = Debug|x64
		{E1582E56-2428-458C-9F08-C56B7B1AA0BD}.Debug|x64.Build.0 = Debug|x64
		{E1582E56-2428-458C-9F08-C56B7B1AA0BD}.Debug|x86.ActiveCfg = Debug|Win32
		{E1582E56-2428-458C-9F08-C56B7B1AA0BD}.Debug|x86.Build.0 = Debug|Win32
		{E1582E56-2428-458C-9F08-C56B7B1AA0BD}.Release|x64.ActiveCfg = Release|x64
		{E1582E56-2428-458C-9F08-C56B7B1AA0BD}.Release|x64.Build.0 = Release|x64
		{E1582E56-2428-458C-9F08-C56B7B1AA0BD}.Release|x86.ActiveCfg = Release|Win32
		{E1582E56-2428-458C-9F08-C56B7B1AA0BD}.Release|x86.Build.0 = Release|Win32
	EndGlobalSection
	GlobalSection(SolutionProperties) = preSolution
		HideSolutionNode = FALSE
	EndGlobalSection
	GlobalSection(ExtensibilityGlobals) = postSolution
		SolutionGuid = {96514AE5-4077-4FC3-AF10-E89743ACF3D2}
	EndGlobalSection
EndGlobal
