
Microsoft Visual Studio Solution File, Format Version 12.00
# Visual Studio Express 15 for Windows Desktop
VisualStudioVersion = 15.0.28307.1231
MinimumVisualStudioVersion = 10.0.40219.1
Project("{8BC9CEB8-8B4A-11D0-8D11-00A0C91BC942}") = "ex19_3", "ex19_3.vcxproj", "{76807060-9A69-4B29-B4E8-1B2834FE2434}"
EndProject
Global
	GlobalSection(SolutionConfigurationPlatforms) = preSolution
		Debug|x64 = Debug|x64
		Debug|x86 = Debug|x86
		Release|x64 = Release|x64
		Release|x86 = Release|x86
	EndGlobalSection
	GlobalSection(ProjectConfigurationPlatforms) = postSolution
		{76807060-9A69-4B29-B4E8-1B2834FE2434}.Debug|x64.ActiveCfg = Debug|x64
		{76807060-9A69-4B29-B4E8-1B2834FE2434}.Debug|x64.Build.0 = Debug|x64
		{76807060-9A69-4B29-B4E8-1B2834FE2434}.Debug|x86.ActiveCfg = Debug|Win32
		{76807060-9A69-4B29-B4E8-1B2834FE2434}.Debug|x86.Build.0 = Debug|Win32
		{76807060-9A69-4B29-B4E8-1B2834FE2434}.Release|x64.ActiveCfg = Release|x64
		{76807060-9A69-4B29-B4E8-1B2834FE2434}.Release|x64.Build.0 = Release|x64
		{76807060-9A69-4B29-B4E8-1B2834FE2434}.Release|x86.ActiveCfg = Release|Win32
		{76807060-9A69-4B29-B4E8-1B2834FE2434}.Release|x86.Build.0 = Release|Win32
	EndGlobalSection
	GlobalSection(SolutionProperties) = preSolution
		HideSolutionNode = FALSE
	EndGlobalSection
	GlobalSection(ExtensibilityGlobals) = postSolution
		SolutionGuid = {8FFBB872-D76A-4CC1-B824-A4C60A0A51AF}
	EndGlobalSection
EndGlobal
