
Microsoft Visual Studio Solution File, Format Version 12.00
# Visual Studio Express 15 for Windows Desktop
VisualStudioVersion = 15.0.28307.1231
MinimumVisualStudioVersion = 10.0.40219.1
Project("{8BC9CEB8-8B4A-11D0-8D11-00A0C91BC942}") = "ex9_1", "ex9_1.vcxproj", "{511FC029-6C2D-4218-890C-D4447937E774}"
EndProject
Global
	GlobalSection(SolutionConfigurationPlatforms) = preSolution
		Debug|x64 = Debug|x64
		Debug|x86 = Debug|x86
		Release|x64 = Release|x64
		Release|x86 = Release|x86
	EndGlobalSection
	GlobalSection(ProjectConfigurationPlatforms) = postSolution
		{511FC029-6C2D-4218-890C-D4447937E774}.Debug|x64.ActiveCfg = Debug|x64
		{511FC029-6C2D-4218-890C-D4447937E774}.Debug|x64.Build.0 = Debug|x64
		{511FC029-6C2D-4218-890C-D4447937E774}.Debug|x86.ActiveCfg = Debug|Win32
		{511FC029-6C2D-4218-890C-D4447937E774}.Debug|x86.Build.0 = Debug|Win32
		{511FC029-6C2D-4218-890C-D4447937E774}.Release|x64.ActiveCfg = Release|x64
		{511FC029-6C2D-4218-890C-D4447937E774}.Release|x64.Build.0 = Release|x64
		{511FC029-6C2D-4218-890C-D4447937E774}.Release|x86.ActiveCfg = Release|Win32
		{511FC029-6C2D-4218-890C-D4447937E774}.Release|x86.Build.0 = Release|Win32
	EndGlobalSection
	GlobalSection(SolutionProperties) = preSolution
		HideSolutionNode = FALSE
	EndGlobalSection
	GlobalSection(ExtensibilityGlobals) = postSolution
		SolutionGuid = {78BBF986-9A35-4E1C-A3D8-7D2DEF372A8F}
	EndGlobalSection
EndGlobal
